
Microsoft Visual Studio Solution File, Format Version 11.00
# Visual Studio 2010
Project("{FAE04EC0-301F-11D3-BF4B-00C04F79EFBC}") = "UnityEngine.UI", "UnityEngine.UI.csproj", "{ca52c41b-4f84-ca3c-827f-805a02ea8b5b}"
EndProject
Project("{FAE04EC0-301F-11D3-BF4B-00C04F79EFBC}") = "Assembly-CSharp", "Assembly-CSharp.csproj", "{b10e97dd-77e3-e553-b9ae-a3597ee68329}"
EndProject
Project("{FAE04EC0-301F-11D3-BF4B-00C04F79EFBC}") = "Assembly-CSharp-firstpass", "Assembly-CSharp-firstpass.csproj", "{915b26f4-95dc-6ed0-2d95-0231847f74ce}"
EndProject
Project("{FAE04EC0-301F-11D3-BF4B-00C04F79EFBC}") = "Unity.VSCode.Editor", "Unity.VSCode.Editor.csproj", "{9f7bd7ba-d099-9c4e-0475-4540b39c2598}"
EndProject
Project("{FAE04EC0-301F-11D3-BF4B-00C04F79EFBC}") = "UnityEditor.UI", "UnityEditor.UI.csproj", "{3e35333f-bc21-7916-e1c2-e14342a60062}"
EndProject
Project("{FAE04EC0-301F-11D3-BF4B-00C04F79EFBC}") = "Assembly-CSharp-Editor-firstpass", "Assembly-CSharp-Editor-firstpass.csproj", "{8a409675-fde5-0c94-39f9-133da39d7810}"
EndProject
Global
	GlobalSection(SolutionConfigurationPlatforms) = preSolution
		Debug|Any CPU = Debug|Any CPU
	EndGlobalSection
	GlobalSection(ProjectConfigurationPlatforms) = postSolution
		{ca52c41b-4f84-ca3c-827f-805a02ea8b5b}.Debug|Any CPU.ActiveCfg = Debug|Any CPU
		{ca52c41b-4f84-ca3c-827f-805a02ea8b5b}.Debug|Any CPU.Build.0 = Debug|Any CPU
		{b10e97dd-77e3-e553-b9ae-a3597ee68329}.Debug|Any CPU.ActiveCfg = Debug|Any CPU
		{b10e97dd-77e3-e553-b9ae-a3597ee68329}.Debug|Any CPU.Build.0 = Debug|Any CPU
		{915b26f4-95dc-6ed0-2d95-0231847f74ce}.Debug|Any CPU.ActiveCfg = Debug|Any CPU
		{915b26f4-95dc-6ed0-2d95-0231847f74ce}.Debug|Any CPU.Build.0 = Debug|Any CPU
		{9f7bd7ba-d099-9c4e-0475-4540b39c2598}.Debug|Any CPU.ActiveCfg = Debug|Any CPU
		{9f7bd7ba-d099-9c4e-0475-4540b39c2598}.Debug|Any CPU.Build.0 = Debug|Any CPU
		{3e35333f-bc21-7916-e1c2-e14342a60062}.Debug|Any CPU.ActiveCfg = Debug|Any CPU
		{3e35333f-bc21-7916-e1c2-e14342a60062}.Debug|Any CPU.Build.0 = Debug|Any CPU
		{8a409675-fde5-0c94-39f9-133da39d7810}.Debug|Any CPU.ActiveCfg = Debug|Any CPU
		{8a409675-fde5-0c94-39f9-133da39d7810}.Debug|Any CPU.Build.0 = Debug|Any CPU
	EndGlobalSection
	GlobalSection(SolutionProperties) = preSolution
		HideSolutionNode = FALSE
	EndGlobalSection
EndGlobal
